
Microsoft Visual Studio Solution File, Format Version 12.00
# Visual Studio Version 17
VisualStudioVersion = 17.10.34707.107
MinimumVisualStudioVersion = 10.0.40219.1
Project("{FAE04EC0-301F-11D3-BF4B-00C04F79EFBC}") = "UnZip", "UnZip\UnZip.csproj", "{0A02D901-AA50-4E15-A420-1115C6AC818B}"
EndProject
Global
	GlobalSection(SolutionConfigurationPlatforms) = preSolution
		Debug|Any CPU = Debug|Any CPU
		Release|Any CPU = Release|Any CPU
	EndGlobalSection
	GlobalSection(ProjectConfigurationPlatforms) = postSolution
		{0A02D901-AA50-4E15-A420-1115C6AC818B}.Debug|Any CPU.ActiveCfg = Debug|Any CPU
		{0A02D901-AA50-4E15-A420-1115C6AC818B}.Debug|Any CPU.Build.0 = Debug|Any CPU
		{0A02D901-AA50-4E15-A420-1115C6AC818B}.Release|Any CPU.ActiveCfg = Release|Any CPU
		{0A02D901-AA50-4E15-A420-1115C6AC818B}.Release|Any CPU.Build.0 = Release|Any CPU
	EndGlobalSection
	GlobalSection(SolutionProperties) = preSolution
		HideSolutionNode = FALSE
	EndGlobalSection
	GlobalSection(ExtensibilityGlobals) = postSolution
		SolutionGuid = {21002FA2-4FFD-416C-AEBC-1AF86CA78224}
	EndGlobalSection
EndGlobal
